
Microsoft Visual Studio Solution File, Format Version 12.00
# Visual Studio Version 17
VisualStudioVersion = 17.2.32519.379
MinimumVisualStudioVersion = 10.0.40219.1
Project("{FAE04EC0-301F-11D3-BF4B-00C04F79EFBC}") = "BasicFunctionalProb", "BasicFunctionalProb\BasicFunctionalProb.csproj", "{C11BC323-A2B9-4385-9EEA-0299CF4610BA}"
EndProject
Global
	GlobalSection(SolutionConfigurationPlatforms) = preSolution
		Debug|Any CPU = Debug|Any CPU
		Release|Any CPU = Release|Any CPU
	EndGlobalSection
	GlobalSection(ProjectConfigurationPlatforms) = postSolution
		{C11BC323-A2B9-4385-9EEA-0299CF4610BA}.Debug|Any CPU.ActiveCfg = Debug|Any CPU
		{C11BC323-A2B9-4385-9EEA-0299CF4610BA}.Debug|Any CPU.Build.0 = Debug|Any CPU
		{C11BC323-A2B9-4385-9EEA-0299CF4610BA}.Release|Any CPU.ActiveCfg = Release|Any CPU
		{C11BC323-A2B9-4385-9EEA-0299CF4610BA}.Release|Any CPU.Build.0 = Release|Any CPU
	EndGlobalSection
	GlobalSection(SolutionProperties) = preSolution
		HideSolutionNode = FALSE
	EndGlobalSection
	GlobalSection(ExtensibilityGlobals) = postSolution
		SolutionGuid = {D0D812F0-5C98-45E9-8FDB-76AF02856141}
	EndGlobalSection
EndGlobal
